// !$*UTF8*$!
{
	archiveVersion = 1;
	classes = {
	};
	objectVersion = 50;
	objects = {

/* Begin PBXBuildFile section */
		9434415E25FF41C10015C4D5 /* AppDelegate.swift in Sources */ = {isa = PBXBuildFile; fileRef = 9434415D25FF41C10015C4D5 /* AppDelegate.swift */; };
		9434416025FF41C10015C4D5 /* SceneDelegate.swift in Sources */ = {isa = PBXBuildFile; fileRef = 9434415F25FF41C10015C4D5 /* SceneDelegate.swift */; };
		9434416225FF41C10015C4D5 /* ViewController.swift in Sources */ = {isa = PBXBuildFile; fileRef = 9434416125FF41C10015C4D5 /* ViewController.swift */; };
		9434416525FF41C10015C4D5 /* Main.storyboard in Resources */ = {isa = PBXBuildFile; fileRef = 9434416325FF41C10015C4D5 /* Main.storyboard */; };
		9434416725FF41C20015C4D5 /* Assets.xcassets in Resources */ = {isa = PBXBuildFile; fileRef = 9434416625FF41C20015C4D5 /* Assets.xcassets */; };
		9434416A25FF41C20015C4D5 /* LaunchScreen.storyboard in Resources */ = {isa = PBXBuildFile; fileRef = 9434416825FF41C20015C4D5 /* LaunchScreen.storyboard */; };
		9434417625FF4F230015C4D5 /* SetCard.swift in Sources */ = {isa = PBXBuildFile; fileRef = 9434417525FF4F230015C4D5 /* SetCard.swift */; };
		9434417925FF55B50015C4D5 /* SetGame.swift in Sources */ = {isa = PBXBuildFile; fileRef = 9434417825FF55B50015C4D5 /* SetGame.swift */; };
		9459D209260C759300ECD454 /* Grid.swift in Sources */ = {isa = PBXBuildFile; fileRef = 9459D208260C759300ECD454 /* Grid.swift */; };
		94959D902615FD9600C3C4C4 /* README.rtf in Resources */ = {isa = PBXBuildFile; fileRef = 94959D8F2615FD9500C3C4C4 /* README.rtf */; };
		94EC3038260B856D009257B3 /* SetCardView.swift in Sources */ = {isa = PBXBuildFile; fileRef = 94EC3037260B856D009257B3 /* SetCardView.swift */; };
/* End PBXBuildFile section */

/* Begin PBXFileReference section */
		9434415A25FF41C10015C4D5 /* Set.app */ = {isa = PBXFileReference; explicitFileType = wrapper.application; includeInIndex = 0; path = Set.app; sourceTree = BUILT_PRODUCTS_DIR; };
		9434415D25FF41C10015C4D5 /* AppDelegate.swift */ = {isa = PBXFileReference; lastKnownFileType = sourcecode.swift; path = AppDelegate.swift; sourceTree = "<group>"; };
		9434415F25FF41C10015C4D5 /* SceneDelegate.swift */ = {isa = PBXFileReference; lastKnownFileType = sourcecode.swift; path = SceneDelegate.swift; sourceTree = "<group>"; };
		9434416125FF41C10015C4D5 /* ViewController.swift */ = {isa = PBXFileReference; lastKnownFileType = sourcecode.swift; path = ViewController.swift; sourceTree = "<group>"; };
		9434416425FF41C10015C4D5 /* Base */ = {isa = PBXFileReference; lastKnownFileType = file.storyboard; name = Base; path = Base.lproj/Main.storyboard; sourceTree = "<group>"; };
		9434416625FF41C20015C4D5 /* Assets.xcassets */ = {isa = PBXFileReference; lastKnownFileType = folder.assetcatalog; path = Assets.xcassets; sourceTree = "<group>"; };
		9434416925FF41C20015C4D5 /* Base */ = {isa = PBXFileReference; lastKnownFileType = file.storyboard; name = Base; path = Base.lproj/LaunchScreen.storyboard; sourceTree = "<group>"; };
		9434416B25FF41C20015C4D5 /* Info.plist */ = {isa = PBXFileReference; lastKnownFileType = text.plist.xml; path = Info.plist; sourceTree = "<group>"; };
		9434417525FF4F230015C4D5 /* SetCard.swift */ = {isa = PBXFileReference; lastKnownFileType = sourcecode.swift; path = SetCard.swift; sourceTree = "<group>"; };
		9434417825FF55B50015C4D5 /* SetGame.swift */ = {isa = PBXFileReference; lastKnownFileType = sourcecode.swift; path = SetGame.swift; sourceTree = "<group>"; };
		9459D208260C759300ECD454 /* Grid.swift */ = {isa = PBXFileReference; fileEncoding = 4; lastKnownFileType = sourcecode.swift; path = Grid.swift; sourceTree = "<group>"; };
		94959D8F2615FD9500C3C4C4 /* README.rtf */ = {isa = PBXFileReference; fileEncoding = 4; lastKnownFileType = text.rtf; path = README.rtf; sourceTree = "<group>"; };
		94EC3037260B856D009257B3 /* SetCardView.swift */ = {isa = PBXFileReference; lastKnownFileType = sourcecode.swift; path = SetCardView.swift; sourceTree = "<group>"; };
/* End PBXFileReference section */

/* Begin PBXFrameworksBuildPhase section */
		9434415725FF41C10015C4D5 /* Frameworks */ = {
			isa = PBXFrameworksBuildPhase;
			buildActionMask = 2147483647;
			files = (
			);
			runOnlyForDeploymentPostprocessing = 0;
		};
/* End PBXFrameworksBuildPhase section */

/* Begin PBXGroup section */
		9434415125FF41C10015C4D5 = {
			isa = PBXGroup;
			children = (
				9434415C25FF41C10015C4D5 /* Set */,
				9434415B25FF41C10015C4D5 /* Products */,
			);
			sourceTree = "<group>";
		};
		9434415B25FF41C10015C4D5 /* Products */ = {
			isa = PBXGroup;
			children = (
				9434415A25FF41C10015C4D5 /* Set.app */,
			);
			name = Products;
			sourceTree = "<group>";
		};
		9434415C25FF41C10015C4D5 /* Set */ = {
			isa = PBXGroup;
			children = (
				9434417325FF41F50015C4D5 /* Supporting Files */,
				9434416125FF41C10015C4D5 /* ViewController.swift */,
				9434417525FF4F230015C4D5 /* SetCard.swift */,
				94959D8F2615FD9500C3C4C4 /* README.rtf */,
				9459D208260C759300ECD454 /* Grid.swift */,
				94EC3037260B856D009257B3 /* SetCardView.swift */,
				9434417825FF55B50015C4D5 /* SetGame.swift */,
				9434416325FF41C10015C4D5 /* Main.storyboard */,
				9434416B25FF41C20015C4D5 /* Info.plist */,
			);
			path = Set;
			sourceTree = "<group>";
		};
		9434417325FF41F50015C4D5 /* Supporting Files */ = {
			isa = PBXGroup;
			children = (
				9434415D25FF41C10015C4D5 /* AppDelegate.swift */,
				9434415F25FF41C10015C4D5 /* SceneDelegate.swift */,
				9434416625FF41C20015C4D5 /* Assets.xcassets */,
				9434416825FF41C20015C4D5 /* LaunchScreen.storyboard */,
			);
			path = "Supporting Files";
			sourceTree = "<group>";
		};
/* End PBXGroup section */

/* Begin PBXNativeTarget section */
		9434415925FF41C10015C4D5 /* Set */ = {
			isa = PBXNativeTarget;
			buildConfigurationList = 9434416E25FF41C20015C4D5 /* Build configuration list for PBXNativeTarget "Set" */;
			buildPhases = (
				9434415625FF41C10015C4D5 /* Sources */,
				9434415725FF41C10015C4D5 /* Frameworks */,
				9434415825FF41C10015C4D5 /* Resources */,
			);
			buildRules = (
			);
			dependencies = (
			);
			name = Set;
			productName = Set;
			productReference = 9434415A25FF41C10015C4D5 /* Set.app */;
			productType = "com.apple.product-type.application";
		};
/* End PBXNativeTarget section */

/* Begin PBXProject section */
		9434415225FF41C10015C4D5 /* Project object */ = {
			isa = PBXProject;
			attributes = {
				LastSwiftUpdateCheck = 1230;
				LastUpgradeCheck = 1230;
				TargetAttributes = {
					9434415925FF41C10015C4D5 = {
						CreatedOnToolsVersion = 12.3;
					};
				};
			};
			buildConfigurationList = 9434415525FF41C10015C4D5 /* Build configuration list for PBXProject "Set" */;
			compatibilityVersion = "Xcode 9.3";
			developmentRegion = en;
			hasScannedForEncodings = 0;
			knownRegions = (
				en,
				Base,
			);
			mainGroup = 9434415125FF41C10015C4D5;
			productRefGroup = 9434415B25FF41C10015C4D5 /* Products */;
			projectDirPath = "";
			projectRoot = "";
			targets = (
				9434415925FF41C10015C4D5 /* Set */,
			);
		};
/* End PBXProject section */

/* Begin PBXResourcesBuildPhase section */
		9434415825FF41C10015C4D5 /* Resources */ = {
			isa = PBXResourcesBuildPhase;
			buildActionMask = 2147483647;
			files = (
				9434416A25FF41C20015C4D5 /* LaunchScreen.storyboard in Resources */,
				9434416725FF41C20015C4D5 /* Assets.xcassets in Resources */,
				94959D902615FD9600C3C4C4 /* README.rtf in Resources */,
				9434416525FF41C10015C4D5 /* Main.storyboard in Resources */,
			);
			runOnlyForDeploymentPostprocessing = 0;
		};
/* End PBXResourcesBuildPhase section */

/* Begin PBXSourcesBuildPhase section */
		9434415625FF41C10015C4D5 /* Sources */ = {
			isa = PBXSourcesBuildPhase;
			buildActionMask = 2147483647;
			files = (
				9434417925FF55B50015C4D5 /* SetGame.swift in Sources */,
				94EC3038260B856D009257B3 /* SetCardView.swift in Sources */,
				9434416225FF41C10015C4D5 /* ViewController.swift in Sources */,
				9434415E25FF41C10015C4D5 /* AppDelegate.swift in Sources */,
				9434417625FF4F230015C4D5 /* SetCard.swift in Sources */,
				9459D209260C759300ECD454 /* Grid.swift in Sources */,
				9434416025FF41C10015C4D5 /* SceneDelegate.swift in Sources */,
			);
			runOnlyForDeploymentPostprocessing = 0;
		};
/* End PBXSourcesBuildPhase section */

/* Begin PBXVariantGroup section */
		9434416325FF41C10015C4D5 /* Main.storyboard */ = {
			isa = PBXVariantGroup;
			children = (
				9434416425FF41C10015C4D5 /* Base */,
			);
			name = Main.storyboard;
			sourceTree = "<group>";
		};
		9434416825FF41C20015C4D5 /* LaunchScreen.storyboard */ = {
			isa = PBXVariantGroup;
			children = (
				9434416925FF41C20015C4D5 /* Base */,
			);
			name = LaunchScreen.storyboard;
			sourceTree = "<group>";
		};
/* End PBXVariantGroup section */

/* Begin XCBuildConfiguration section */
		9434416C25FF41C20015C4D5 /* Debug */ = {
			isa = XCBuildConfiguration;
			buildSettings = {
				ALWAYS_SEARCH_USER_PATHS = NO;
				CLANG_ANALYZER_NONNULL = YES;
				CLANG_ANALYZER_NUMBER_OBJECT_CONVERSION = YES_AGGRESSIVE;
				CLANG_CXX_LANGUAGE_STANDARD = "gnu++14";
				CLANG_CXX_LIBRARY = "libc++";
				CLANG_ENABLE_MODULES = YES;
				CLANG_ENABLE_OBJC_ARC = YES;
				CLANG_ENABLE_OBJC_WEAK = YES;
				CLANG_WARN_BLOCK_CAPTURE_AUTORELEASING = YES;
				CLANG_WARN_BOOL_CONVERSION = YES;
				CLANG_WARN_COMMA = YES;
				CLANG_WARN_CONSTANT_CONVERSION = YES;
				CLANG_WARN_DEPRECATED_OBJC_IMPLEMENTATIONS = YES;
				CLANG_WARN_DIRECT_OBJC_ISA_USAGE = YES_ERROR;
				CLANG_WARN_DOCUMENTATION_COMMENTS = YES;
				CLANG_WARN_EMPTY_BODY = YES;
				CLANG_WARN_ENUM_CONVERSION = YES;
				CLANG_WARN_INFINITE_RECURSION = YES;
				CLANG_WARN_INT_CONVERSION = YES;
				CLANG_WARN_NON_LITERAL_NULL_CONVERSION = YES;
				CLANG_WARN_OBJC_IMPLICIT_RETAIN_SELF = YES;
				CLANG_WARN_OBJC_LITERAL_CONVERSION = YES;
				CLANG_WARN_OBJC_ROOT_CLASS = YES_ERROR;
				CLANG_WARN_QUOTED_INCLUDE_IN_FRAMEWORK_HEADER = YES;
				CLANG_WARN_RANGE_LOOP_ANALYSIS = YES;
				CLANG_WARN_STRICT_PROTOTYPES = YES;
				CLANG_WARN_SUSPICIOUS_MOVE = YES;
				CLANG_WARN_UNGUARDED_AVAILABILITY = YES_AGGRESSIVE;
				CLANG_WARN_UNREACHABLE_CODE = YES;
				CLANG_WARN__DUPLICATE_METHOD_MATCH = YES;
				COPY_PHASE_STRIP = NO;
				DEBUG_INFORMATION_FORMAT = dwarf;
				ENABLE_STRICT_OBJC_MSGSEND = YES;
				ENABLE_TESTABILITY = YES;
				GCC_C_LANGUAGE_STANDARD = gnu11;
				GCC_DYNAMIC_NO_PIC = NO;
				GCC_NO_COMMON_BLOCKS = YES;
				GCC_OPTIMIZATION_LEVEL = 0;
				GCC_PREPROCESSOR_DEFINITIONS = (
					"DEBUG=1",
					"$(inherited)",
				);
				GCC_WARN_64_TO_32_BIT_CONVERSION = YES;
				GCC_WARN_ABOUT_RETURN_TYPE = YES_ERROR;
				GCC_WARN_UNDECLARED_SELECTOR = YES;
				GCC_WARN_UNINITIALIZED_AUTOS = YES_AGGRESSIVE;
				GCC_WARN_UNUSED_FUNCTION = YES;
				GCC_WARN_UNUSED_VARIABLE = YES;
				IPHONEOS_DEPLOYMENT_TARGET = 14.3;
				MTL_ENABLE_DEBUG_INFO = INCLUDE_SOURCE;
				MTL_FAST_MATH = YES;
				ONLY_ACTIVE_ARCH = YES;
				SDKROOT = iphoneos;
				SWIFT_ACTIVE_COMPILATION_CONDITIONS = DEBUG;
				SWIFT_OPTIMIZATION_LEVEL = "-Onone";
			};
			name = Debug;
		};
		9434416D25FF41C20015C4D5 /* Release */ = {
			isa = XCBuildConfiguration;
			buildSettings = {
				ALWAYS_SEARCH_USER_PATHS = NO;
				CLANG_ANALYZER_NONNULL = YES;
				CLANG_ANALYZER_NUMBER_OBJECT_CONVERSION = YES_AGGRESSIVE;
				CLANG_CXX_LANGUAGE_STANDARD = "gnu++14";
				CLANG_CXX_LIBRARY = "libc++";
				CLANG_ENABLE_MODULES = YES;
				CLANG_ENABLE_OBJC_ARC = YES;
				CLANG_ENABLE_OBJC_WEAK = YES;
				CLANG_WARN_BLOCK_CAPTURE_AUTORELEASING = YES;
				CLANG_WARN_BOOL_CONVERSION = YES;
				CLANG_WARN_COMMA = YES;
				CLANG_WARN_CONSTANT_CONVERSION = YES;
				CLANG_WARN_DEPRECATED_OBJC_IMPLEMENTATIONS = YES;
				CLANG_WARN_DIRECT_OBJC_ISA_USAGE = YES_ERROR;
				CLANG_WARN_DOCUMENTATION_COMMENTS = YES;
				CLANG_WARN_EMPTY_BODY = YES;
				CLANG_WARN_ENUM_CONVERSION = YES;
				CLANG_WARN_INFINITE_RECURSION = YES;
				CLANG_WARN_INT_CONVERSION = YES;
				CLANG_WARN_NON_LITERAL_NULL_CONVERSION = YES;
				CLANG_WARN_OBJC_IMPLICIT_RETAIN_SELF = YES;
				CLANG_WARN_OBJC_LITERAL_CONVERSION = YES;
				CLANG_WARN_OBJC_ROOT_CLASS = YES_ERROR;
				CLANG_WARN_QUOTED_INCLUDE_IN_FRAMEWORK_HEADER = YES;
				CLANG_WARN_RANGE_LOOP_ANALYSIS = YES;
				CLANG_WARN_STRICT_PROTOTYPES = YES;
				CLANG_WARN_SUSPICIOUS_MOVE = YES;
				CLANG_WARN_UNGUARDED_AVAILABILITY = YES_AGGRESSIVE;
				CLANG_WARN_UNREACHABLE_CODE = YES;
				CLANG_WARN__DUPLICATE_METHOD_MATCH = YES;
				COPY_PHASE_STRIP = NO;
				DEBUG_INFORMATION_FORMAT = "dwarf-with-dsym";
				ENABLE_NS_ASSERTIONS = NO;
				ENABLE_STRICT_OBJC_MSGSEND = YES;
				GCC_C_LANGUAGE_STANDARD = gnu11;
				GCC_NO_COMMON_BLOCKS = YES;
				GCC_WARN_64_TO_32_BIT_CONVERSION = YES;
				GCC_WARN_ABOUT_RETURN_TYPE = YES_ERROR;
				GCC_WARN_UNDECLARED_SELECTOR = YES;
				GCC_WARN_UNINITIALIZED_AUTOS = YES_AGGRESSIVE;
				GCC_WARN_UNUSED_FUNCTION = YES;
				GCC_WARN_UNUSED_VARIABLE = YES;
				IPHONEOS_DEPLOYMENT_TARGET = 14.3;
				MTL_ENABLE_DEBUG_INFO = NO;
				MTL_FAST_MATH = YES;
				SDKROOT = iphoneos;
				SWIFT_COMPILATION_MODE = wholemodule;
				SWIFT_OPTIMIZATION_LEVEL = "-O";
				VALIDATE_PRODUCT = YES;
			};
			name = Release;
		};
		9434416F25FF41C20015C4D5 /* Debug */ = {
			isa = XCBuildConfiguration;
			buildSettings = {
				ASSETCATALOG_COMPILER_APPICON_NAME = AppIcon;
				ASSETCATALOG_COMPILER_GLOBAL_ACCENT_COLOR_NAME = AccentColor;
				CODE_SIGN_STYLE = Automatic;
				DEVELOPMENT_TEAM = 9VA4S8H395;
				INFOPLIST_FILE = Set/Info.plist;
				IPHONEOS_DEPLOYMENT_TARGET = 14.0;
				LD_RUNPATH_SEARCH_PATHS = (
					"$(inherited)",
					"@executable_path/Frameworks",
				);
				PRODUCT_BUNDLE_IDENTIFIER = cherryPick.Set;
				PRODUCT_NAME = "$(TARGET_NAME)";
				SWIFT_VERSION = 5.0;
				TARGETED_DEVICE_FAMILY = "1,2";
			};
			name = Debug;
		};
		9434417025FF41C20015C4D5 /* Release */ = {
			isa = XCBuildConfiguration;
			buildSettings = {
				ASSETCATALOG_COMPILER_APPICON_NAME = AppIcon;
				ASSETCATALOG_COMPILER_GLOBAL_ACCENT_COLOR_NAME = AccentColor;
				CODE_SIGN_STYLE = Automatic;
				DEVELOPMENT_TEAM = 9VA4S8H395;
				INFOPLIST_FILE = Set/Info.plist;
				IPHONEOS_DEPLOYMENT_TARGET = 14.0;
				LD_RUNPATH_SEARCH_PATHS = (
					"$(inherited)",
					"@executable_path/Frameworks",
				);
				PRODUCT_BUNDLE_IDENTIFIER = cherryPick.Set;
				PRODUCT_NAME = "$(TARGET_NAME)";
				SWIFT_VERSION = 5.0;
				TARGETED_DEVICE_FAMILY = "1,2";
			};
			name = Release;
		};
/* End XCBuildConfiguration section */

/* Begin XCConfigurationList section */
		9434415525FF41C10015C4D5 /* Build configuration list for PBXProject "Set" */ = {
			isa = XCConfigurationList;
			buildConfigurations = (
				9434416C25FF41C20015C4D5 /* Debug */,
				9434416D25FF41C20015C4D5 /* Release */,
			);
			defaultConfigurationIsVisible = 0;
			defaultConfigurationName = Release;
		};
		9434416E25FF41C20015C4D5 /* Build configuration list for PBXNativeTarget "Set" */ = {
			isa = XCConfigurationList;
			buildConfigurations = (
				9434416F25FF41C20015C4D5 /* Debug */,
				9434417025FF41C20015C4D5 /* Release */,
			);
			defaultConfigurationIsVisible = 0;
			defaultConfigurationName = Release;
		};
/* End XCConfigurationList section */
	};
	rootObject = 9434415225FF41C10015C4D5 /* Project object */;
}
